
Microsoft Visual Studio Solution File, Format Version 12.00
# 
Project("{FAE04EC0-301F-11D3-BF4B-00C04F79EFBC}") = "Nortal.WebApi", "Nortal.WebApi\Nortal.WebApi.csproj", "{2E83AED6-20AC-436E-86FF-30492C210AF0}"
EndProject
Project("{FAE04EC0-301F-11D3-BF4B-00C04F79EFBC}") = "Nortal.WebApi.Tests", "Nortal.WebApi.Tests\Nortal.WebApi.Tests.csproj", "{84530654-6A45-43FA-9B0B-07406EE830D3}"
EndProject
Project("{FAE04EC0-301F-11D3-BF4B-00C04F79EFBC}") = "Nortal.WebApp", "Nortal.WebApp\Nortal.WebApp.csproj", "{1909BF80-B7AA-4B7A-94D0-2516C3C8B60A}"
EndProject
Global
	GlobalSection(SolutionConfigurationPlatforms) = preSolution
		Debug|Any CPU = Debug|Any CPU
		Release|Any CPU = Release|Any CPU
	EndGlobalSection
	GlobalSection(ProjectConfigurationPlatforms) = postSolution
		{2E83AED6-20AC-436E-86FF-30492C210AF0}.Debug|Any CPU.ActiveCfg = Debug|Any CPU
		{2E83AED6-20AC-436E-86FF-30492C210AF0}.Debug|Any CPU.Build.0 = Debug|Any CPU
		{2E83AED6-20AC-436E-86FF-30492C210AF0}.Release|Any CPU.ActiveCfg = Release|Any CPU
		{2E83AED6-20AC-436E-86FF-30492C210AF0}.Release|Any CPU.Build.0 = Release|Any CPU
		{84530654-6A45-43FA-9B0B-07406EE830D3}.Debug|Any CPU.ActiveCfg = Debug|Any CPU
		{84530654-6A45-43FA-9B0B-07406EE830D3}.Debug|Any CPU.Build.0 = Debug|Any CPU
		{84530654-6A45-43FA-9B0B-07406EE830D3}.Release|Any CPU.ActiveCfg = Release|Any CPU
		{84530654-6A45-43FA-9B0B-07406EE830D3}.Release|Any CPU.Build.0 = Release|Any CPU
		{1909BF80-B7AA-4B7A-94D0-2516C3C8B60A}.Debug|Any CPU.ActiveCfg = Debug|Any CPU
		{1909BF80-B7AA-4B7A-94D0-2516C3C8B60A}.Debug|Any CPU.Build.0 = Debug|Any CPU
		{1909BF80-B7AA-4B7A-94D0-2516C3C8B60A}.Release|Any CPU.ActiveCfg = Release|Any CPU
		{1909BF80-B7AA-4B7A-94D0-2516C3C8B60A}.Release|Any CPU.Build.0 = Release|Any CPU
	EndGlobalSection
EndGlobal
